
Microsoft Visual Studio Solution File, Format Version 12.00
# Visual Studio 15
VisualStudioVersion = 15.0.26730.12
MinimumVisualStudioVersion = 10.0.40219.1
Project("{FAE04EC0-301F-11D3-BF4B-00C04F79EFBC}") = "WebApplication1", "WebApplication1\WebApplication1.csproj", "{A6CC8C00-B049-4F52-9A3B-A71F75640372}"
EndProject
Global
	GlobalSection(SolutionConfigurationPlatforms) = preSolution
		Debug|Any CPU = Debug|Any CPU
		Release|Any CPU = Release|Any CPU
	EndGlobalSection
	GlobalSection(ProjectConfigurationPlatforms) = postSolution
		{A6CC8C00-B049-4F52-9A3B-A71F75640372}.Debug|Any CPU.ActiveCfg = Debug|Any CPU
		{A6CC8C00-B049-4F52-9A3B-A71F75640372}.Debug|Any CPU.Build.0 = Debug|Any CPU
		{A6CC8C00-B049-4F52-9A3B-A71F75640372}.Release|Any CPU.ActiveCfg = Release|Any CPU
		{A6CC8C00-B049-4F52-9A3B-A71F75640372}.Release|Any CPU.Build.0 = Release|Any CPU
	EndGlobalSection
	GlobalSection(SolutionProperties) = preSolution
		HideSolutionNode = FALSE
	EndGlobalSection
	GlobalSection(ExtensibilityGlobals) = postSolution
		SolutionGuid = {23E660F4-B7EC-4A31-A84E-04110F97E14E}
	EndGlobalSection
EndGlobal
